
Microsoft Visual Studio Solution File, Format Version 12.00
# Visual Studio 15
VisualStudioVersion = 15.0.26228.4
MinimumVisualStudioVersion = 15.0.26124.0
Project("{2150E333-8FDC-42A3-9474-1A3956D46DE8}") = "WebApps", "WebApps", "{A08F8B92-87C3-45FA-B18F-84F148F8B1D3}"
EndProject
Project("{9A19103F-16F7-4668-BE54-9A1E7A4F7556}") = "Monad.AB.Web.App", "Monad.AB.Web.App\Monad.AB.Web.App.csproj", "{38DBDA01-2088-4D2D-813C-0355EEF25C31}"
EndProject
Project("{E24C65DC-7377-472B-9ABA-BC803B73C61A}") = "Monad.AB.Web.ng", "Monad.AB.Web.ng\", "{6A79AF70-D9C0-49BD-99F6-BBFC7327EF0B}"
	ProjectSection(WebsiteProperties) = preProject
		TargetFrameworkMoniker = ".NETFramework,Version%3Dv4.0"
		Debug.AspNetCompiler.VirtualPath = "/localhost_3757"
		Debug.AspNetCompiler.PhysicalPath = "Monad.AB.Web.ng\"
		Debug.AspNetCompiler.TargetPath = "PrecompiledWeb\localhost_3757\"
		Debug.AspNetCompiler.Updateable = "true"
		Debug.AspNetCompiler.ForceOverwrite = "true"
		Debug.AspNetCompiler.FixedNames = "false"
		Debug.AspNetCompiler.Debug = "True"
		Release.AspNetCompiler.VirtualPath = "/localhost_3757"
		Release.AspNetCompiler.PhysicalPath = "Monad.AB.Web.ng\"
		Release.AspNetCompiler.TargetPath = "PrecompiledWeb\localhost_3757\"
		Release.AspNetCompiler.Updateable = "true"
		Release.AspNetCompiler.ForceOverwrite = "true"
		Release.AspNetCompiler.FixedNames = "false"
		Release.AspNetCompiler.Debug = "False"
		VWDPort = "3757"
		SlnRelativePath = "Monad.AB.Web.ng\"
	EndProjectSection
EndProject
Project("{2150E333-8FDC-42A3-9474-1A3956D46DE8}") = "Common", "Common", "{0133ECAF-B7F8-4C86-BB43-4F36AD6E78D2}"
EndProject
Project("{2150E333-8FDC-42A3-9474-1A3956D46DE8}") = "Infrastructure", "Infrastructure", "{16094835-1037-4911-A04D-9F21D9B81380}"
EndProject
Project("{2150E333-8FDC-42A3-9474-1A3956D46DE8}") = "Services", "Services", "{391D9665-EA1E-4EE1-847D-1807194C385A}"
EndProject
Project("{2150E333-8FDC-42A3-9474-1A3956D46DE8}") = "Domain", "Domain", "{E0FD36DF-D7D2-43F5-ABA9-707A5884AFF3}"
EndProject
Project("{FAE04EC0-301F-11D3-BF4B-00C04F79EFBC}") = "Monad.AB.Domain.Entities", "Monad.AB.Domain.Entities\Monad.AB.Domain.Entities.csproj", "{F87DDCF6-9A19-48B4-8C0F-FDD000DF55C7}"
EndProject
Project("{FAE04EC0-301F-11D3-BF4B-00C04F79EFBC}") = "Monad.AB.Domain.Interfaces", "Monad.AB.Domain.Interfaces\Monad.AB.Domain.Interfaces.csproj", "{FF14950D-8303-47B5-A1A1-70BAD9E74A59}"
EndProject
Project("{FAE04EC0-301F-11D3-BF4B-00C04F79EFBC}") = "Monad.AB.Infrastructure.Data", "Monad.AB.Infrastructure.Data\Monad.AB.Infrastructure.Data.csproj", "{888E677A-760E-4146-A189-19A753545494}"
EndProject
Project("{FAE04EC0-301F-11D3-BF4B-00C04F79EFBC}") = "Monad.AB.Infrastructure.DependencyResolver", "Monad.AB.Infrastructure.DependencyResolver\Monad.AB.Infrastructure.DependencyResolver.csproj", "{8A7C8DF6-6D02-4197-A8BB-E5D6D6BDA1D5}"
EndProject
Project("{FAE04EC0-301F-11D3-BF4B-00C04F79EFBC}") = "Monad.AB.Services.Business", "Monad.AB.Services.Business\Monad.AB.Services.Business.csproj", "{3AE4C138-856B-4AFA-B5E8-0E30CBCDED5F}"
EndProject
Project("{FAE04EC0-301F-11D3-BF4B-00C04F79EFBC}") = "Monad.AB.Services.Interface", "Monad.AB.Services.Interface\Monad.AB.Services.Interface.csproj", "{1AEACC2E-B393-4290-A914-D93935470679}"
EndProject
Project("{FAE04EC0-301F-11D3-BF4B-00C04F79EFBC}") = "Monad.AB.Common", "Monad.AB.Common\Monad.AB.Common.csproj", "{D88B86D9-E3D6-4BD8-8223-27AE5ABD3A55}"
EndProject
Project("{FAE04EC0-301F-11D3-BF4B-00C04F79EFBC}") = "Monad.AB.Infrastructure.StateManagement", "Monad.AB.Infrastructure.StateManagement\Monad.AB.Infrastructure.StateManagement.csproj", "{1555F452-0C51-46DE-AF27-D1434707F75D}"
EndProject
Global
	GlobalSection(SolutionConfigurationPlatforms) = preSolution
		Debug|Any CPU = Debug|Any CPU
		Release|Any CPU = Release|Any CPU
	EndGlobalSection
	GlobalSection(ProjectConfigurationPlatforms) = postSolution
		{38DBDA01-2088-4D2D-813C-0355EEF25C31}.Debug|Any CPU.ActiveCfg = Debug|Any CPU
		{38DBDA01-2088-4D2D-813C-0355EEF25C31}.Debug|Any CPU.Build.0 = Debug|Any CPU
		{38DBDA01-2088-4D2D-813C-0355EEF25C31}.Release|Any CPU.ActiveCfg = Release|Any CPU
		{38DBDA01-2088-4D2D-813C-0355EEF25C31}.Release|Any CPU.Build.0 = Release|Any CPU
		{6A79AF70-D9C0-49BD-99F6-BBFC7327EF0B}.Debug|Any CPU.ActiveCfg = Debug|Any CPU
		{6A79AF70-D9C0-49BD-99F6-BBFC7327EF0B}.Debug|Any CPU.Build.0 = Debug|Any CPU
		{6A79AF70-D9C0-49BD-99F6-BBFC7327EF0B}.Release|Any CPU.ActiveCfg = Debug|Any CPU
		{6A79AF70-D9C0-49BD-99F6-BBFC7327EF0B}.Release|Any CPU.Build.0 = Debug|Any CPU
		{F87DDCF6-9A19-48B4-8C0F-FDD000DF55C7}.Debug|Any CPU.ActiveCfg = Debug|Any CPU
		{F87DDCF6-9A19-48B4-8C0F-FDD000DF55C7}.Debug|Any CPU.Build.0 = Debug|Any CPU
		{F87DDCF6-9A19-48B4-8C0F-FDD000DF55C7}.Release|Any CPU.ActiveCfg = Release|Any CPU
		{F87DDCF6-9A19-48B4-8C0F-FDD000DF55C7}.Release|Any CPU.Build.0 = Release|Any CPU
		{FF14950D-8303-47B5-A1A1-70BAD9E74A59}.Debug|Any CPU.ActiveCfg = Debug|Any CPU
		{FF14950D-8303-47B5-A1A1-70BAD9E74A59}.Debug|Any CPU.Build.0 = Debug|Any CPU
		{FF14950D-8303-47B5-A1A1-70BAD9E74A59}.Release|Any CPU.ActiveCfg = Release|Any CPU
		{FF14950D-8303-47B5-A1A1-70BAD9E74A59}.Release|Any CPU.Build.0 = Release|Any CPU
		{888E677A-760E-4146-A189-19A753545494}.Debug|Any CPU.ActiveCfg = Debug|Any CPU
		{888E677A-760E-4146-A189-19A753545494}.Debug|Any CPU.Build.0 = Debug|Any CPU
		{888E677A-760E-4146-A189-19A753545494}.Release|Any CPU.ActiveCfg = Release|Any CPU
		{888E677A-760E-4146-A189-19A753545494}.Release|Any CPU.Build.0 = Release|Any CPU
		{8A7C8DF6-6D02-4197-A8BB-E5D6D6BDA1D5}.Debug|Any CPU.ActiveCfg = Debug|Any CPU
		{8A7C8DF6-6D02-4197-A8BB-E5D6D6BDA1D5}.Debug|Any CPU.Build.0 = Debug|Any CPU
		{8A7C8DF6-6D02-4197-A8BB-E5D6D6BDA1D5}.Release|Any CPU.ActiveCfg = Release|Any CPU
		{8A7C8DF6-6D02-4197-A8BB-E5D6D6BDA1D5}.Release|Any CPU.Build.0 = Release|Any CPU
		{3AE4C138-856B-4AFA-B5E8-0E30CBCDED5F}.Debug|Any CPU.ActiveCfg = Debug|Any CPU
		{3AE4C138-856B-4AFA-B5E8-0E30CBCDED5F}.Debug|Any CPU.Build.0 = Debug|Any CPU
		{3AE4C138-856B-4AFA-B5E8-0E30CBCDED5F}.Release|Any CPU.ActiveCfg = Release|Any CPU
		{3AE4C138-856B-4AFA-B5E8-0E30CBCDED5F}.Release|Any CPU.Build.0 = Release|Any CPU
		{1AEACC2E-B393-4290-A914-D93935470679}.Debug|Any CPU.ActiveCfg = Debug|Any CPU
		{1AEACC2E-B393-4290-A914-D93935470679}.Debug|Any CPU.Build.0 = Debug|Any CPU
		{1AEACC2E-B393-4290-A914-D93935470679}.Release|Any CPU.ActiveCfg = Release|Any CPU
		{1AEACC2E-B393-4290-A914-D93935470679}.Release|Any CPU.Build.0 = Release|Any CPU
		{D88B86D9-E3D6-4BD8-8223-27AE5ABD3A55}.Debug|Any CPU.ActiveCfg = Debug|Any CPU
		{D88B86D9-E3D6-4BD8-8223-27AE5ABD3A55}.Debug|Any CPU.Build.0 = Debug|Any CPU
		{D88B86D9-E3D6-4BD8-8223-27AE5ABD3A55}.Release|Any CPU.ActiveCfg = Release|Any CPU
		{D88B86D9-E3D6-4BD8-8223-27AE5ABD3A55}.Release|Any CPU.Build.0 = Release|Any CPU
		{1555F452-0C51-46DE-AF27-D1434707F75D}.Debug|Any CPU.ActiveCfg = Debug|Any CPU
		{1555F452-0C51-46DE-AF27-D1434707F75D}.Debug|Any CPU.Build.0 = Debug|Any CPU
		{1555F452-0C51-46DE-AF27-D1434707F75D}.Release|Any CPU.ActiveCfg = Release|Any CPU
		{1555F452-0C51-46DE-AF27-D1434707F75D}.Release|Any CPU.Build.0 = Release|Any CPU
	EndGlobalSection
	GlobalSection(SolutionProperties) = preSolution
		HideSolutionNode = FALSE
	EndGlobalSection
	GlobalSection(NestedProjects) = preSolution
		{38DBDA01-2088-4D2D-813C-0355EEF25C31} = {A08F8B92-87C3-45FA-B18F-84F148F8B1D3}
		{6A79AF70-D9C0-49BD-99F6-BBFC7327EF0B} = {A08F8B92-87C3-45FA-B18F-84F148F8B1D3}
		{F87DDCF6-9A19-48B4-8C0F-FDD000DF55C7} = {E0FD36DF-D7D2-43F5-ABA9-707A5884AFF3}
		{FF14950D-8303-47B5-A1A1-70BAD9E74A59} = {E0FD36DF-D7D2-43F5-ABA9-707A5884AFF3}
		{888E677A-760E-4146-A189-19A753545494} = {16094835-1037-4911-A04D-9F21D9B81380}
		{8A7C8DF6-6D02-4197-A8BB-E5D6D6BDA1D5} = {16094835-1037-4911-A04D-9F21D9B81380}
		{3AE4C138-856B-4AFA-B5E8-0E30CBCDED5F} = {391D9665-EA1E-4EE1-847D-1807194C385A}
		{1AEACC2E-B393-4290-A914-D93935470679} = {391D9665-EA1E-4EE1-847D-1807194C385A}
		{D88B86D9-E3D6-4BD8-8223-27AE5ABD3A55} = {0133ECAF-B7F8-4C86-BB43-4F36AD6E78D2}
		{1555F452-0C51-46DE-AF27-D1434707F75D} = {16094835-1037-4911-A04D-9F21D9B81380}
	EndGlobalSection
EndGlobal
